
Microsoft Visual Studio Solution File, Format Version 12.00
# Visual Studio Version 16
VisualStudioVersion = 16.0.30413.136
MinimumVisualStudioVersion = 10.0.40219.1
Project("{FAE04EC0-301F-11D3-BF4B-00C04F79EFBC}") = "tthk-kinoteater", "tthk-kinoteater.csproj", "{87002FF2-2BFE-40C9-87FC-4AD922602218}"
EndProject
Global
	GlobalSection(SolutionConfigurationPlatforms) = preSolution
		Debug|Any CPU = Debug|Any CPU
		Release|Any CPU = Release|Any CPU
	EndGlobalSection
	GlobalSection(ProjectConfigurationPlatforms) = postSolution
		{87002FF2-2BFE-40C9-87FC-4AD922602218}.Debug|Any CPU.ActiveCfg = Debug|Any CPU
		{87002FF2-2BFE-40C9-87FC-4AD922602218}.Debug|Any CPU.Build.0 = Debug|Any CPU
		{87002FF2-2BFE-40C9-87FC-4AD922602218}.Release|Any CPU.ActiveCfg = Release|Any CPU
		{87002FF2-2BFE-40C9-87FC-4AD922602218}.Release|Any CPU.Build.0 = Release|Any CPU
	EndGlobalSection
	GlobalSection(SolutionProperties) = preSolution
		HideSolutionNode = FALSE
	EndGlobalSection
	GlobalSection(ExtensibilityGlobals) = postSolution
		SolutionGuid = {1407C0CE-BF8F-4090-9A87-5C5741401D52}
	EndGlobalSection
EndGlobal
